
Microsoft Visual Studio Solution File, Format Version 12.00
# Visual Studio 15
VisualStudioVersion = 15.0.27130.2010
MinimumVisualStudioVersion = 10.0.40219.1
Project("{9A19103F-16F7-4668-BE54-9A1E7A4F7556}") = "Com.Service.TaxCalculation.Lib", "Com.Service.TaxCalculation.Lib\Com.Service.TaxCalculation.Lib.csproj", "{69CB0E38-39D8-4682-9EA6-502175F7591E}"
EndProject
Project("{FAE04EC0-301F-11D3-BF4B-00C04F79EFBC}") = "Com.Service.TaxCalculation.WebApi", "Com.Service.TaxCalculation.WebApi\Com.Service.TaxCalculation.WebApi.csproj", "{14D25C85-EC0C-4CCA-A4A1-A94CC69DA45A}"
EndProject
Global
	GlobalSection(SolutionConfigurationPlatforms) = preSolution
		Debug|Any CPU = Debug|Any CPU
		Release|Any CPU = Release|Any CPU
	EndGlobalSection
	GlobalSection(ProjectConfigurationPlatforms) = postSolution
		{69CB0E38-39D8-4682-9EA6-502175F7591E}.Debug|Any CPU.ActiveCfg = Debug|Any CPU
		{69CB0E38-39D8-4682-9EA6-502175F7591E}.Debug|Any CPU.Build.0 = Debug|Any CPU
		{69CB0E38-39D8-4682-9EA6-502175F7591E}.Release|Any CPU.ActiveCfg = Release|Any CPU
		{69CB0E38-39D8-4682-9EA6-502175F7591E}.Release|Any CPU.Build.0 = Release|Any CPU
		{14D25C85-EC0C-4CCA-A4A1-A94CC69DA45A}.Debug|Any CPU.ActiveCfg = Debug|Any CPU
		{14D25C85-EC0C-4CCA-A4A1-A94CC69DA45A}.Debug|Any CPU.Build.0 = Debug|Any CPU
		{14D25C85-EC0C-4CCA-A4A1-A94CC69DA45A}.Release|Any CPU.ActiveCfg = Release|Any CPU
		{14D25C85-EC0C-4CCA-A4A1-A94CC69DA45A}.Release|Any CPU.Build.0 = Release|Any CPU
	EndGlobalSection
	GlobalSection(SolutionProperties) = preSolution
		HideSolutionNode = FALSE
	EndGlobalSection
	GlobalSection(ExtensibilityGlobals) = postSolution
		SolutionGuid = {6EDF18A6-70B6-4BB9-92B3-3EE2DAE6643D}
	EndGlobalSection
EndGlobal
